# This file is generated by running "yarn install" inside your project.
# Manual changes might be lost - proceed with caution!

__metadata:
  version: 8
  cacheKey: 10c0

"prettier@npm:^3.4.2":
  version: 3.4.2
  resolution: "prettier@npm:3.4.2"
  bin:
    prettier: bin/prettier.cjs
  checksum: 10c0/99e076a26ed0aba4ebc043880d0f08bbb8c59a4c6641cdee6cdadf2205bdd87aa1d7823f50c3aea41e015e99878d37c58d7b5f0e663bba0ef047f94e36b96446
  languageName: node
  linkType: hard

"typescript@npm:^5.7.2":
  version: 5.7.2
  resolution: "typescript@npm:5.7.2"
  bin:
    tsc: bin/tsc
    tsserver: bin/tsserver
  checksum: 10c0/a873118b5201b2ef332127ef5c63fb9d9c155e6fdbe211cbd9d8e65877283797cca76546bad742eea36ed7efbe3424a30376818f79c7318512064e8625d61622
  languageName: node
  linkType: hard

"typescript@patch:typescript@npm%3A^5.7.2#optional!builtin<compat/typescript>":
  version: 5.7.2
  resolution: "typescript@patch:typescript@npm%3A5.7.2#optional!builtin<compat/typescript>::version=5.7.2&hash=8c6c40"
  bin:
    tsc: bin/tsc
    tsserver: bin/tsserver
  checksum: 10c0/c891ccf04008bc1305ba34053db951f8a4584b4a1bf2f68fd972c4a354df3dc5e62c8bfed4f6ac2d12e5b3b1c49af312c83a651048f818cd5b4949d17baacd79
  languageName: node
  linkType: hard

"yarn@workspace:.":
  version: 0.0.0-use.local
  resolution: "yarn@workspace:."
  dependencies:
    prettier: "npm:^3.4.2"
    typescript: "npm:^5.7.2"
  languageName: unknown
  linkType: soft
