{
  "name": "npm",
  "version": "1.0.0",
  "lockfileVersion": 3,
  "requires": true,
  "packages": {
    "": {
      "name": "npm",
      "version": "1.0.0",
      "license": "MIT",
      "workspaces": [
        "packages/*"
      ]
    },
    "node_modules/@common/app": {
      "resolved": "packages/app",
      "link": true
    },
    "node_modules/@common/read-input": {
      "resolved": "packages/read-input",
      "link": true
    },
    "node_modules/@common/validator": {
      "resolved": "packages/validator",
      "link": true
    },
    "packages/api": {
      "name": "@server/api",
      "version": "1.0.0",
      "extraneous": true,
      "license": "ISC"
    },
    "packages/app": {
      "name": "@common/app",
      "version": "1.0.0",
      "dependencies": {
        "@common/read-input": "^1.0.0",
        "@common/validator": "^1.0.0"
      }
    },
    "packages/frontend": {
      "name": "@server/frontend",
      "version": "1.0.0",
      "extraneous": true,
      "dependencies": {
        "@server/api": "^1.0.0"
      }
    },
    "packages/read-input": {
      "name": "@common/read-input",
      "version": "1.0.0"
    },
    "packages/validator": {
      "name": "@common/validator",
      "version": "1.0.0"
    }
  }
}
